
Microsoft Visual Studio Solution File, Format Version 12.00
Project("{FAE04EC0-301F-11D3-BF4B-00C04F79EFBC}") = "WaterProject", "WaterProject\WaterProject.csproj", "{066F496C-B44D-4246-BA48-128CB1B2C916}"
EndProject
Global
	GlobalSection(SolutionConfigurationPlatforms) = preSolution
		Debug|Any CPU = Debug|Any CPU
		Release|Any CPU = Release|Any CPU
	EndGlobalSection
	GlobalSection(ProjectConfigurationPlatforms) = postSolution
		{066F496C-B44D-4246-BA48-128CB1B2C916}.Debug|Any CPU.ActiveCfg = Debug|Any CPU
		{066F496C-B44D-4246-BA48-128CB1B2C916}.Debug|Any CPU.Build.0 = Debug|Any CPU
		{066F496C-B44D-4246-BA48-128CB1B2C916}.Release|Any CPU.ActiveCfg = Release|Any CPU
		{066F496C-B44D-4246-BA48-128CB1B2C916}.Release|Any CPU.Build.0 = Release|Any CPU
	EndGlobalSection
EndGlobal
